// !$*UTF8*$!
{
	archiveVersion = 1;
	classes = {
	};
	objectVersion = 46;
	objects = {

/* Begin PBXBuildFile section */
		631AF52D1C9461BD005E2803 /* Avatar.swift in Sources */ = {isa = PBXBuildFile; fileRef = 631AF52C1C9461BD005E2803 /* Avatar.swift */; };
		631CABF81C832F6900EE6180 /* SystemConfiguration.framework in Frameworks */ = {isa = PBXBuildFile; fileRef = 631CABF71C832F6900EE6180 /* SystemConfiguration.framework */; };
		631CABFA1C832F8000EE6180 /* libsqlite3.tbd in Frameworks */ = {isa = PBXBuildFile; fileRef = 631CABF91C832F8000EE6180 /* libsqlite3.tbd */; };
		631CABFC1C832F9000EE6180 /* libz.tbd in Frameworks */ = {isa = PBXBuildFile; fileRef = 631CABFB1C832F9000EE6180 /* libz.tbd */; };
		631CACD61C8336C500EE6180 /* WelcomeViewController.swift in Sources */ = {isa = PBXBuildFile; fileRef = 631CACD51C8336C500EE6180 /* WelcomeViewController.swift */; };
		631CACD81C83380D00EE6180 /* RegisterViewController.swift in Sources */ = {isa = PBXBuildFile; fileRef = 631CACD71C83380D00EE6180 /* RegisterViewController.swift */; };
		631CACDA1C83381B00EE6180 /* LoginViewController.swift in Sources */ = {isa = PBXBuildFile; fileRef = 631CACD91C83381B00EE6180 /* LoginViewController.swift */; };
		633334991C8C3ADB00428C03 /* ProgressHUD.bundle in Resources */ = {isa = PBXBuildFile; fileRef = 633334961C8C3ADB00428C03 /* ProgressHUD.bundle */; };
		6333349A1C8C3ADB00428C03 /* ProgressHUD.m in Sources */ = {isa = PBXBuildFile; fileRef = 633334981C8C3ADB00428C03 /* ProgressHUD.m */; };
		634FEBCC1C908D2D0014BD8C /* IncomingMessage.swift in Sources */ = {isa = PBXBuildFile; fileRef = 634FEBCB1C908D2D0014BD8C /* IncomingMessage.swift */; };
		636614E31C8C44AC0051D226 /* RecentTableViewCell.swift in Sources */ = {isa = PBXBuildFile; fileRef = 636614E21C8C44AC0051D226 /* RecentTableViewCell.swift */; };
		636614E51C8C45B00051D226 /* RecentViewController.swift in Sources */ = {isa = PBXBuildFile; fileRef = 636614E41C8C45B00051D226 /* RecentViewController.swift */; };
		636614EA1C8C4F670051D226 /* Recent.swift in Sources */ = {isa = PBXBuildFile; fileRef = 636614E91C8C4F670051D226 /* Recent.swift */; };
		6366EBC81C8DEA75004A1461 /* OutgoingMessage.swift in Sources */ = {isa = PBXBuildFile; fileRef = 6366EBC71C8DEA75004A1461 /* OutgoingMessage.swift */; };
		6392D90F1C8C96FE006AA537 /* ChooseUserViewController.swift in Sources */ = {isa = PBXBuildFile; fileRef = 6392D90E1C8C96FE006AA537 /* ChooseUserViewController.swift */; };
		6392D9111C8CA0DF006AA537 /* ChatViewController.swift in Sources */ = {isa = PBXBuildFile; fileRef = 6392D9101C8CA0DF006AA537 /* ChatViewController.swift */; };
		639721831CEF6BED00573841 /* GoogleService-Info.plist in Resources */ = {isa = PBXBuildFile; fileRef = 639721821CEF6BED00573841 /* GoogleService-Info.plist */; };
		639B23F41C9445E0005ED7E7 /* SettingsTableViewController.swift in Sources */ = {isa = PBXBuildFile; fileRef = 639B23F31C9445E0005ED7E7 /* SettingsTableViewController.swift */; };
		63A5AF251C91E403008906BB /* Camera.swift in Sources */ = {isa = PBXBuildFile; fileRef = 63A5AF241C91E402008906BB /* Camera.swift */; };
		63A5AF271C91F9DC008906BB /* MapViewController.swift in Sources */ = {isa = PBXBuildFile; fileRef = 63A5AF261C91F9DC008906BB /* MapViewController.swift */; };
		63A7501F1C9EE4BC0096D5C8 /* PushNotifications.swift in Sources */ = {isa = PBXBuildFile; fileRef = 63A7501E1C9EE4BC0096D5C8 /* PushNotifications.swift */; };
		63AE5EC21C96C04D00AF4223 /* FBSDKCoreKit.framework in Frameworks */ = {isa = PBXBuildFile; fileRef = 63AE5EC11C96C04D00AF4223 /* FBSDKCoreKit.framework */; };
		63AE5EC41C96C08400AF4223 /* FBSDKLoginKit.framework in Frameworks */ = {isa = PBXBuildFile; fileRef = 63AE5EC31C96C08400AF4223 /* FBSDKLoginKit.framework */; };
		63B14A1E1C96DF39000688E0 /* RegisterUser.swift in Sources */ = {isa = PBXBuildFile; fileRef = 63B14A1D1C96DF39000688E0 /* RegisterUser.swift */; };
		63F1533C1C832C87009E9767 /* AppDelegate.swift in Sources */ = {isa = PBXBuildFile; fileRef = 63F1533B1C832C87009E9767 /* AppDelegate.swift */; };
		63F153411C832C87009E9767 /* Main.storyboard in Resources */ = {isa = PBXBuildFile; fileRef = 63F1533F1C832C87009E9767 /* Main.storyboard */; };
		63F153431C832C87009E9767 /* Assets.xcassets in Resources */ = {isa = PBXBuildFile; fileRef = 63F153421C832C87009E9767 /* Assets.xcassets */; };
		63F153461C832C87009E9767 /* LaunchScreen.storyboard in Resources */ = {isa = PBXBuildFile; fileRef = 63F153441C832C87009E9767 /* LaunchScreen.storyboard */; };
		63F153511C832C87009E9767 /* quickChatTests.swift in Sources */ = {isa = PBXBuildFile; fileRef = 63F153501C832C87009E9767 /* quickChatTests.swift */; };
		63F1535C1C832C87009E9767 /* quickChatUITests.swift in Sources */ = {isa = PBXBuildFile; fileRef = 63F1535B1C832C87009E9767 /* quickChatUITests.swift */; };
		B79908FF1F745E1FC97FB67D /* libPods.a in Frameworks */ = {isa = PBXBuildFile; fileRef = 1D39B355CCCC629AD0337B42 /* libPods.a */; };
/* End PBXBuildFile section */

/* Begin PBXContainerItemProxy section */
		63F1534D1C832C87009E9767 /* PBXContainerItemProxy */ = {
			isa = PBXContainerItemProxy;
			containerPortal = 63F153301C832C87009E9767 /* Project object */;
			proxyType = 1;
			remoteGlobalIDString = 63F153371C832C87009E9767;
			remoteInfo = quickChat;
		};
		63F153581C832C87009E9767 /* PBXContainerItemProxy */ = {
			isa = PBXContainerItemProxy;
			containerPortal = 63F153301C832C87009E9767 /* Project object */;
			proxyType = 1;
			remoteGlobalIDString = 63F153371C832C87009E9767;
			remoteInfo = quickChat;
		};
/* End PBXContainerItemProxy section */

/* Begin PBXFileReference section */
		1D39B355CCCC629AD0337B42 /* libPods.a */ = {isa = PBXFileReference; explicitFileType = archive.ar; includeInIndex = 0; path = libPods.a; sourceTree = BUILT_PRODUCTS_DIR; };
		2D488216C7865045A520F109 /* Pods.release.xcconfig */ = {isa = PBXFileReference; includeInIndex = 1; lastKnownFileType = text.xcconfig; name = Pods.release.xcconfig; path = "Pods/Target Support Files/Pods/Pods.release.xcconfig"; sourceTree = "<group>"; };
		631AF52C1C9461BD005E2803 /* Avatar.swift */ = {isa = PBXFileReference; fileEncoding = 4; lastKnownFileType = sourcecode.swift; path = Avatar.swift; sourceTree = "<group>"; };
		631CABF71C832F6900EE6180 /* SystemConfiguration.framework */ = {isa = PBXFileReference; lastKnownFileType = wrapper.framework; name = SystemConfiguration.framework; path = System/Library/Frameworks/SystemConfiguration.framework; sourceTree = SDKROOT; };
		631CABF91C832F8000EE6180 /* libsqlite3.tbd */ = {isa = PBXFileReference; lastKnownFileType = "sourcecode.text-based-dylib-definition"; name = libsqlite3.tbd; path = usr/lib/libsqlite3.tbd; sourceTree = SDKROOT; };
		631CABFB1C832F9000EE6180 /* libz.tbd */ = {isa = PBXFileReference; lastKnownFileType = "sourcecode.text-based-dylib-definition"; name = libz.tbd; path = usr/lib/libz.tbd; sourceTree = SDKROOT; };
		631CACD51C8336C500EE6180 /* WelcomeViewController.swift */ = {isa = PBXFileReference; fileEncoding = 4; lastKnownFileType = sourcecode.swift; path = WelcomeViewController.swift; sourceTree = "<group>"; };
		631CACD71C83380D00EE6180 /* RegisterViewController.swift */ = {isa = PBXFileReference; fileEncoding = 4; lastKnownFileType = sourcecode.swift; path = RegisterViewController.swift; sourceTree = "<group>"; };
		631CACD91C83381B00EE6180 /* LoginViewController.swift */ = {isa = PBXFileReference; fileEncoding = 4; lastKnownFileType = sourcecode.swift; path = LoginViewController.swift; sourceTree = "<group>"; };
		633334961C8C3ADB00428C03 /* ProgressHUD.bundle */ = {isa = PBXFileReference; lastKnownFileType = "wrapper.plug-in"; path = ProgressHUD.bundle; sourceTree = "<group>"; };
		633334971C8C3ADB00428C03 /* ProgressHUD.h */ = {isa = PBXFileReference; fileEncoding = 4; lastKnownFileType = sourcecode.c.h; path = ProgressHUD.h; sourceTree = "<group>"; };
		633334981C8C3ADB00428C03 /* ProgressHUD.m */ = {isa = PBXFileReference; fileEncoding = 4; lastKnownFileType = sourcecode.c.objc; path = ProgressHUD.m; sourceTree = "<group>"; };
		634FEBCB1C908D2D0014BD8C /* IncomingMessage.swift */ = {isa = PBXFileReference; fileEncoding = 4; lastKnownFileType = sourcecode.swift; path = IncomingMessage.swift; sourceTree = "<group>"; };
		636614E21C8C44AC0051D226 /* RecentTableViewCell.swift */ = {isa = PBXFileReference; fileEncoding = 4; lastKnownFileType = sourcecode.swift; path = RecentTableViewCell.swift; sourceTree = "<group>"; };
		636614E41C8C45B00051D226 /* RecentViewController.swift */ = {isa = PBXFileReference; fileEncoding = 4; lastKnownFileType = sourcecode.swift; path = RecentViewController.swift; sourceTree = "<group>"; };
		636614E91C8C4F670051D226 /* Recent.swift */ = {isa = PBXFileReference; fileEncoding = 4; lastKnownFileType = sourcecode.swift; path = Recent.swift; sourceTree = "<group>"; };
		6366EBC71C8DEA75004A1461 /* OutgoingMessage.swift */ = {isa = PBXFileReference; fileEncoding = 4; lastKnownFileType = sourcecode.swift; path = OutgoingMessage.swift; sourceTree = "<group>"; };
		6392D90E1C8C96FE006AA537 /* ChooseUserViewController.swift */ = {isa = PBXFileReference; fileEncoding = 4; lastKnownFileType = sourcecode.swift; path = ChooseUserViewController.swift; sourceTree = "<group>"; };
		6392D9101C8CA0DF006AA537 /* ChatViewController.swift */ = {isa = PBXFileReference; fileEncoding = 4; lastKnownFileType = sourcecode.swift; path = ChatViewController.swift; sourceTree = "<group>"; };
		639721821CEF6BED00573841 /* GoogleService-Info.plist */ = {isa = PBXFileReference; fileEncoding = 4; lastKnownFileType = text.plist.xml; path = "GoogleService-Info.plist"; sourceTree = "<group>"; };
		639B23F31C9445E0005ED7E7 /* SettingsTableViewController.swift */ = {isa = PBXFileReference; fileEncoding = 4; lastKnownFileType = sourcecode.swift; path = SettingsTableViewController.swift; sourceTree = "<group>"; };
		63A5AF241C91E402008906BB /* Camera.swift */ = {isa = PBXFileReference; fileEncoding = 4; lastKnownFileType = sourcecode.swift; path = Camera.swift; sourceTree = "<group>"; };
		63A5AF261C91F9DC008906BB /* MapViewController.swift */ = {isa = PBXFileReference; fileEncoding = 4; lastKnownFileType = sourcecode.swift; path = MapViewController.swift; sourceTree = "<group>"; };
		63A7501E1C9EE4BC0096D5C8 /* PushNotifications.swift */ = {isa = PBXFileReference; fileEncoding = 4; lastKnownFileType = sourcecode.swift; path = PushNotifications.swift; sourceTree = "<group>"; };
		63AE5EC11C96C04D00AF4223 /* FBSDKCoreKit.framework */ = {isa = PBXFileReference; lastKnownFileType = wrapper.framework; path = FBSDKCoreKit.framework; sourceTree = "<group>"; };
		63AE5EC31C96C08400AF4223 /* FBSDKLoginKit.framework */ = {isa = PBXFileReference; lastKnownFileType = wrapper.framework; path = FBSDKLoginKit.framework; sourceTree = "<group>"; };
		63B14A1D1C96DF39000688E0 /* RegisterUser.swift */ = {isa = PBXFileReference; fileEncoding = 4; lastKnownFileType = sourcecode.swift; path = RegisterUser.swift; sourceTree = "<group>"; };
		63F153381C832C87009E9767 /* quickChat.app */ = {isa = PBXFileReference; explicitFileType = wrapper.application; includeInIndex = 0; path = quickChat.app; sourceTree = BUILT_PRODUCTS_DIR; };
		63F1533B1C832C87009E9767 /* AppDelegate.swift */ = {isa = PBXFileReference; lastKnownFileType = sourcecode.swift; path = AppDelegate.swift; sourceTree = "<group>"; };
		63F153401C832C87009E9767 /* Base */ = {isa = PBXFileReference; lastKnownFileType = file.storyboard; name = Base; path = Base.lproj/Main.storyboard; sourceTree = "<group>"; };
		63F153421C832C87009E9767 /* Assets.xcassets */ = {isa = PBXFileReference; lastKnownFileType = folder.assetcatalog; path = Assets.xcassets; sourceTree = "<group>"; };
		63F153451C832C87009E9767 /* Base */ = {isa = PBXFileReference; lastKnownFileType = file.storyboard; name = Base; path = Base.lproj/LaunchScreen.storyboard; sourceTree = "<group>"; };
		63F153471C832C87009E9767 /* Info.plist */ = {isa = PBXFileReference; lastKnownFileType = text.plist.xml; path = Info.plist; sourceTree = "<group>"; };
		63F1534C1C832C87009E9767 /* quickChatTests.xctest */ = {isa = PBXFileReference; explicitFileType = wrapper.cfbundle; includeInIndex = 0; path = quickChatTests.xctest; sourceTree = BUILT_PRODUCTS_DIR; };
		63F153501C832C87009E9767 /* quickChatTests.swift */ = {isa = PBXFileReference; lastKnownFileType = sourcecode.swift; path = quickChatTests.swift; sourceTree = "<group>"; };
		63F153521C832C87009E9767 /* Info.plist */ = {isa = PBXFileReference; lastKnownFileType = text.plist.xml; path = Info.plist; sourceTree = "<group>"; };
		63F153571C832C87009E9767 /* quickChatUITests.xctest */ = {isa = PBXFileReference; explicitFileType = wrapper.cfbundle; includeInIndex = 0; path = quickChatUITests.xctest; sourceTree = BUILT_PRODUCTS_DIR; };
		63F1535B1C832C87009E9767 /* quickChatUITests.swift */ = {isa = PBXFileReference; lastKnownFileType = sourcecode.swift; path = quickChatUITests.swift; sourceTree = "<group>"; };
		63F1535D1C832C87009E9767 /* Info.plist */ = {isa = PBXFileReference; lastKnownFileType = text.plist.xml; path = Info.plist; sourceTree = "<group>"; };
		A2672389D669A60A1F9F1085 /* Pods.debug.xcconfig */ = {isa = PBXFileReference; includeInIndex = 1; lastKnownFileType = text.xcconfig; name = Pods.debug.xcconfig; path = "Pods/Target Support Files/Pods/Pods.debug.xcconfig"; sourceTree = "<group>"; };
/* End PBXFileReference section */

/* Begin PBXFrameworksBuildPhase section */
		63F153351C832C87009E9767 /* Frameworks */ = {
			isa = PBXFrameworksBuildPhase;
			buildActionMask = 2147483647;
			files = (
				63AE5EC41C96C08400AF4223 /* FBSDKLoginKit.framework in Frameworks */,
				631CABFC1C832F9000EE6180 /* libz.tbd in Frameworks */,
				631CABFA1C832F8000EE6180 /* libsqlite3.tbd in Frameworks */,
				631CABF81C832F6900EE6180 /* SystemConfiguration.framework in Frameworks */,
				63AE5EC21C96C04D00AF4223 /* FBSDKCoreKit.framework in Frameworks */,
				B79908FF1F745E1FC97FB67D /* libPods.a in Frameworks */,
			);
			runOnlyForDeploymentPostprocessing = 0;
		};
		63F153491C832C87009E9767 /* Frameworks */ = {
			isa = PBXFrameworksBuildPhase;
			buildActionMask = 2147483647;
			files = (
			);
			runOnlyForDeploymentPostprocessing = 0;
		};
		63F153541C832C87009E9767 /* Frameworks */ = {
			isa = PBXFrameworksBuildPhase;
			buildActionMask = 2147483647;
			files = (
			);
			runOnlyForDeploymentPostprocessing = 0;
		};
/* End PBXFrameworksBuildPhase section */

/* Begin PBXGroup section */
		2F6989C4386A84D319588BFD /* Frameworks */ = {
			isa = PBXGroup;
			children = (
				631CABFB1C832F9000EE6180 /* libz.tbd */,
				631CABF91C832F8000EE6180 /* libsqlite3.tbd */,
				631CABF71C832F6900EE6180 /* SystemConfiguration.framework */,
				1D39B355CCCC629AD0337B42 /* libPods.a */,
			);
			name = Frameworks;
			sourceTree = "<group>";
		};
		633334951C8C3ADB00428C03 /* ProgressHUD */ = {
			isa = PBXGroup;
			children = (
				633334961C8C3ADB00428C03 /* ProgressHUD.bundle */,
				633334971C8C3ADB00428C03 /* ProgressHUD.h */,
				633334981C8C3ADB00428C03 /* ProgressHUD.m */,
			);
			path = ProgressHUD;
			sourceTree = "<group>";
		};
		636614E61C8C45C60051D226 /* Login */ = {
			isa = PBXGroup;
			children = (
				631CACD91C83381B00EE6180 /* LoginViewController.swift */,
				631CACD71C83380D00EE6180 /* RegisterViewController.swift */,
				631CACD51C8336C500EE6180 /* WelcomeViewController.swift */,
			);
			name = Login;
			sourceTree = "<group>";
		};
		636614E71C8C45E30051D226 /* CustomTableViewCells */ = {
			isa = PBXGroup;
			children = (
				636614E21C8C44AC0051D226 /* RecentTableViewCell.swift */,
			);
			name = CustomTableViewCells;
			sourceTree = "<group>";
		};
		636614E81C8C46040051D226 /* UIViewControllers */ = {
			isa = PBXGroup;
			children = (
				636614E41C8C45B00051D226 /* RecentViewController.swift */,
				6392D90E1C8C96FE006AA537 /* ChooseUserViewController.swift */,
				6392D9101C8CA0DF006AA537 /* ChatViewController.swift */,
				63A5AF261C91F9DC008906BB /* MapViewController.swift */,
				639B23F31C9445E0005ED7E7 /* SettingsTableViewController.swift */,
			);
			name = UIViewControllers;
			sourceTree = "<group>";
		};
		6376F8F41C9EF14600108EF5 /* Messages */ = {
			isa = PBXGroup;
			children = (
				6366EBC71C8DEA75004A1461 /* OutgoingMessage.swift */,
				634FEBCB1C908D2D0014BD8C /* IncomingMessage.swift */,
			);
			name = Messages;
			sourceTree = "<group>";
		};
		6376F8F51C9EF16200108EF5 /* Utilities */ = {
			isa = PBXGroup;
			children = (
				636614E91C8C4F670051D226 /* Recent.swift */,
				63A5AF241C91E402008906BB /* Camera.swift */,
				631AF52C1C9461BD005E2803 /* Avatar.swift */,
				63B14A1D1C96DF39000688E0 /* RegisterUser.swift */,
				63A7501E1C9EE4BC0096D5C8 /* PushNotifications.swift */,
			);
			name = Utilities;
			sourceTree = "<group>";
		};
		63AE5EC51C96C98400AF4223 /* New Group */ = {
			isa = PBXGroup;
			children = (
			);
			name = "New Group";
			sourceTree = "<group>";
		};
		63F1532F1C832C87009E9767 = {
			isa = PBXGroup;
			children = (
				63AE5EC31C96C08400AF4223 /* FBSDKLoginKit.framework */,
				63AE5EC11C96C04D00AF4223 /* FBSDKCoreKit.framework */,
				633334951C8C3ADB00428C03 /* ProgressHUD */,
				63F1533A1C832C87009E9767 /* quickChat */,
				63F1534F1C832C87009E9767 /* quickChatTests */,
				63F1535A1C832C87009E9767 /* quickChatUITests */,
				63F153391C832C87009E9767 /* Products */,
				EA51023DC91BC0723EC98284 /* Pods */,
				2F6989C4386A84D319588BFD /* Frameworks */,
			);
			sourceTree = "<group>";
		};
		63F153391C832C87009E9767 /* Products */ = {
			isa = PBXGroup;
			children = (
				63F153381C832C87009E9767 /* quickChat.app */,
				63F1534C1C832C87009E9767 /* quickChatTests.xctest */,
				63F153571C832C87009E9767 /* quickChatUITests.xctest */,
			);
			name = Products;
			sourceTree = "<group>";
		};
		63F1533A1C832C87009E9767 /* quickChat */ = {
			isa = PBXGroup;
			children = (
				63F1533B1C832C87009E9767 /* AppDelegate.swift */,
				6376F8F41C9EF14600108EF5 /* Messages */,
				6376F8F51C9EF16200108EF5 /* Utilities */,
				636614E81C8C46040051D226 /* UIViewControllers */,
				636614E61C8C45C60051D226 /* Login */,
				636614E71C8C45E30051D226 /* CustomTableViewCells */,
				63F1533F1C832C87009E9767 /* Main.storyboard */,
				63F153421C832C87009E9767 /* Assets.xcassets */,
				63F153441C832C87009E9767 /* LaunchScreen.storyboard */,
				639721821CEF6BED00573841 /* GoogleService-Info.plist */,
				63F153471C832C87009E9767 /* Info.plist */,
				63AE5EC51C96C98400AF4223 /* New Group */,
			);
			path = quickChat;
			sourceTree = "<group>";
		};
		63F1534F1C832C87009E9767 /* quickChatTests */ = {
			isa = PBXGroup;
			children = (
				63F153501C832C87009E9767 /* quickChatTests.swift */,
				63F153521C832C87009E9767 /* Info.plist */,
			);
			path = quickChatTests;
			sourceTree = "<group>";
		};
		63F1535A1C832C87009E9767 /* quickChatUITests */ = {
			isa = PBXGroup;
			children = (
				63F1535B1C832C87009E9767 /* quickChatUITests.swift */,
				63F1535D1C832C87009E9767 /* Info.plist */,
			);
			path = quickChatUITests;
			sourceTree = "<group>";
		};
		EA51023DC91BC0723EC98284 /* Pods */ = {
			isa = PBXGroup;
			children = (
				A2672389D669A60A1F9F1085 /* Pods.debug.xcconfig */,
				2D488216C7865045A520F109 /* Pods.release.xcconfig */,
			);
			name = Pods;
			sourceTree = "<group>";
		};
/* End PBXGroup section */

/* Begin PBXNativeTarget section */
		63F153371C832C87009E9767 /* quickChat */ = {
			isa = PBXNativeTarget;
			buildConfigurationList = 63F153601C832C87009E9767 /* Build configuration list for PBXNativeTarget "quickChat" */;
			buildPhases = (
				84277EC13541381A2D11D78A /* Check Pods Manifest.lock */,
				63F153341C832C87009E9767 /* Sources */,
				63F153351C832C87009E9767 /* Frameworks */,
				63F153361C832C87009E9767 /* Resources */,
				77B198A14596B2D36C54B9B3 /* Embed Pods Frameworks */,
				74F3F1B1EDCDEACE89781FEC /* Copy Pods Resources */,
			);
			buildRules = (
			);
			dependencies = (
			);
			name = quickChat;
			productName = quickChat;
			productReference = 63F153381C832C87009E9767 /* quickChat.app */;
			productType = "com.apple.product-type.application";
		};
		63F1534B1C832C87009E9767 /* quickChatTests */ = {
			isa = PBXNativeTarget;
			buildConfigurationList = 63F153631C832C87009E9767 /* Build configuration list for PBXNativeTarget "quickChatTests" */;
			buildPhases = (
				63F153481C832C87009E9767 /* Sources */,
				63F153491C832C87009E9767 /* Frameworks */,
				63F1534A1C832C87009E9767 /* Resources */,
			);
			buildRules = (
			);
			dependencies = (
				63F1534E1C832C87009E9767 /* PBXTargetDependency */,
			);
			name = quickChatTests;
			productName = quickChatTests;
			productReference = 63F1534C1C832C87009E9767 /* quickChatTests.xctest */;
			productType = "com.apple.product-type.bundle.unit-test";
		};
		63F153561C832C87009E9767 /* quickChatUITests */ = {
			isa = PBXNativeTarget;
			buildConfigurationList = 63F153661C832C87009E9767 /* Build configuration list for PBXNativeTarget "quickChatUITests" */;
			buildPhases = (
				63F153531C832C87009E9767 /* Sources */,
				63F153541C832C87009E9767 /* Frameworks */,
				63F153551C832C87009E9767 /* Resources */,
			);
			buildRules = (
			);
			dependencies = (
				63F153591C832C87009E9767 /* PBXTargetDependency */,
			);
			name = quickChatUITests;
			productName = quickChatUITests;
			productReference = 63F153571C832C87009E9767 /* quickChatUITests.xctest */;
			productType = "com.apple.product-type.bundle.ui-testing";
		};
/* End PBXNativeTarget section */

/* Begin PBXProject section */
		63F153301C832C87009E9767 /* Project object */ = {
			isa = PBXProject;
			attributes = {
				LastSwiftUpdateCheck = 0720;
				LastUpgradeCheck = 0720;
				ORGANIZATIONNAME = "David Kababyan";
				TargetAttributes = {
					63F153371C832C87009E9767 = {
						CreatedOnToolsVersion = 7.2.1;
						DevelopmentTeam = 7P6AJEE272;
						SystemCapabilities = {
							com.apple.Push = {
								enabled = 1;
							};
						};
					};
					63F1534B1C832C87009E9767 = {
						CreatedOnToolsVersion = 7.2.1;
						TestTargetID = 63F153371C832C87009E9767;
					};
					63F153561C832C87009E9767 = {
						CreatedOnToolsVersion = 7.2.1;
						TestTargetID = 63F153371C832C87009E9767;
					};
				};
			};
			buildConfigurationList = 63F153331C832C87009E9767 /* Build configuration list for PBXProject "quickChat" */;
			compatibilityVersion = "Xcode 3.2";
			developmentRegion = English;
			hasScannedForEncodings = 0;
			knownRegions = (
				en,
				Base,
			);
			mainGroup = 63F1532F1C832C87009E9767;
			productRefGroup = 63F153391C832C87009E9767 /* Products */;
			projectDirPath = "";
			projectRoot = "";
			targets = (
				63F153371C832C87009E9767 /* quickChat */,
				63F1534B1C832C87009E9767 /* quickChatTests */,
				63F153561C832C87009E9767 /* quickChatUITests */,
			);
		};
/* End PBXProject section */

/* Begin PBXResourcesBuildPhase section */
		63F153361C832C87009E9767 /* Resources */ = {
			isa = PBXResourcesBuildPhase;
			buildActionMask = 2147483647;
			files = (
				633334991C8C3ADB00428C03 /* ProgressHUD.bundle in Resources */,
				63F153461C832C87009E9767 /* LaunchScreen.storyboard in Resources */,
				639721831CEF6BED00573841 /* GoogleService-Info.plist in Resources */,
				63F153431C832C87009E9767 /* Assets.xcassets in Resources */,
				63F153411C832C87009E9767 /* Main.storyboard in Resources */,
			);
			runOnlyForDeploymentPostprocessing = 0;
		};
		63F1534A1C832C87009E9767 /* Resources */ = {
			isa = PBXResourcesBuildPhase;
			buildActionMask = 2147483647;
			files = (
			);
			runOnlyForDeploymentPostprocessing = 0;
		};
		63F153551C832C87009E9767 /* Resources */ = {
			isa = PBXResourcesBuildPhase;
			buildActionMask = 2147483647;
			files = (
			);
			runOnlyForDeploymentPostprocessing = 0;
		};
/* End PBXResourcesBuildPhase section */

/* Begin PBXShellScriptBuildPhase section */
		74F3F1B1EDCDEACE89781FEC /* Copy Pods Resources */ = {
			isa = PBXShellScriptBuildPhase;
			buildActionMask = 2147483647;
			files = (
			);
			inputPaths = (
			);
			name = "Copy Pods Resources";
			outputPaths = (
			);
			runOnlyForDeploymentPostprocessing = 0;
			shellPath = /bin/sh;
			shellScript = "\"${SRCROOT}/Pods/Target Support Files/Pods/Pods-resources.sh\"\n";
			showEnvVarsInLog = 0;
		};
		77B198A14596B2D36C54B9B3 /* Embed Pods Frameworks */ = {
			isa = PBXShellScriptBuildPhase;
			buildActionMask = 2147483647;
			files = (
			);
			inputPaths = (
			);
			name = "Embed Pods Frameworks";
			outputPaths = (
			);
			runOnlyForDeploymentPostprocessing = 0;
			shellPath = /bin/sh;
			shellScript = "\"${SRCROOT}/Pods/Target Support Files/Pods/Pods-frameworks.sh\"\n";
			showEnvVarsInLog = 0;
		};
		84277EC13541381A2D11D78A /* Check Pods Manifest.lock */ = {
			isa = PBXShellScriptBuildPhase;
			buildActionMask = 2147483647;
			files = (
			);
			inputPaths = (
			);
			name = "Check Pods Manifest.lock";
			outputPaths = (
			);
			runOnlyForDeploymentPostprocessing = 0;
			shellPath = /bin/sh;
			shellScript = "diff \"${PODS_ROOT}/../Podfile.lock\" \"${PODS_ROOT}/Manifest.lock\" > /dev/null\nif [[ $? != 0 ]] ; then\n    cat << EOM\nerror: The sandbox is not in sync with the Podfile.lock. Run 'pod install' or update your CocoaPods installation.\nEOM\n    exit 1\nfi\n";
			showEnvVarsInLog = 0;
		};
/* End PBXShellScriptBuildPhase section */

/* Begin PBXSourcesBuildPhase section */
		63F153341C832C87009E9767 /* Sources */ = {
			isa = PBXSourcesBuildPhase;
			buildActionMask = 2147483647;
			files = (
				636614EA1C8C4F670051D226 /* Recent.swift in Sources */,
				6392D90F1C8C96FE006AA537 /* ChooseUserViewController.swift in Sources */,
				63A7501F1C9EE4BC0096D5C8 /* PushNotifications.swift in Sources */,
				63B14A1E1C96DF39000688E0 /* RegisterUser.swift in Sources */,
				631CACDA1C83381B00EE6180 /* LoginViewController.swift in Sources */,
				636614E51C8C45B00051D226 /* RecentViewController.swift in Sources */,
				6366EBC81C8DEA75004A1461 /* OutgoingMessage.swift in Sources */,
				631CACD81C83380D00EE6180 /* RegisterViewController.swift in Sources */,
				631AF52D1C9461BD005E2803 /* Avatar.swift in Sources */,
				6333349A1C8C3ADB00428C03 /* ProgressHUD.m in Sources */,
				63F1533C1C832C87009E9767 /* AppDelegate.swift in Sources */,
				636614E31C8C44AC0051D226 /* RecentTableViewCell.swift in Sources */,
				634FEBCC1C908D2D0014BD8C /* IncomingMessage.swift in Sources */,
				63A5AF251C91E403008906BB /* Camera.swift in Sources */,
				639B23F41C9445E0005ED7E7 /* SettingsTableViewController.swift in Sources */,
				6392D9111C8CA0DF006AA537 /* ChatViewController.swift in Sources */,
				631CACD61C8336C500EE6180 /* WelcomeViewController.swift in Sources */,
				63A5AF271C91F9DC008906BB /* MapViewController.swift in Sources */,
			);
			runOnlyForDeploymentPostprocessing = 0;
		};
		63F153481C832C87009E9767 /* Sources */ = {
			isa = PBXSourcesBuildPhase;
			buildActionMask = 2147483647;
			files = (
				63F153511C832C87009E9767 /* quickChatTests.swift in Sources */,
			);
			runOnlyForDeploymentPostprocessing = 0;
		};
		63F153531C832C87009E9767 /* Sources */ = {
			isa = PBXSourcesBuildPhase;
			buildActionMask = 2147483647;
			files = (
				63F1535C1C832C87009E9767 /* quickChatUITests.swift in Sources */,
			);
			runOnlyForDeploymentPostprocessing = 0;
		};
/* End PBXSourcesBuildPhase section */

/* Begin PBXTargetDependency section */
		63F1534E1C832C87009E9767 /* PBXTargetDependency */ = {
			isa = PBXTargetDependency;
			target = 63F153371C832C87009E9767 /* quickChat */;
			targetProxy = 63F1534D1C832C87009E9767 /* PBXContainerItemProxy */;
		};
		63F153591C832C87009E9767 /* PBXTargetDependency */ = {
			isa = PBXTargetDependency;
			target = 63F153371C832C87009E9767 /* quickChat */;
			targetProxy = 63F153581C832C87009E9767 /* PBXContainerItemProxy */;
		};
/* End PBXTargetDependency section */

/* Begin PBXVariantGroup section */
		63F1533F1C832C87009E9767 /* Main.storyboard */ = {
			isa = PBXVariantGroup;
			children = (
				63F153401C832C87009E9767 /* Base */,
			);
			name = Main.storyboard;
			sourceTree = "<group>";
		};
		63F153441C832C87009E9767 /* LaunchScreen.storyboard */ = {
			isa = PBXVariantGroup;
			children = (
				63F153451C832C87009E9767 /* Base */,
			);
			name = LaunchScreen.storyboard;
			sourceTree = "<group>";
		};
/* End PBXVariantGroup section */

/* Begin XCBuildConfiguration section */
		63F1535E1C832C87009E9767 /* Debug */ = {
			isa = XCBuildConfiguration;
			buildSettings = {
				ALWAYS_SEARCH_USER_PATHS = NO;
				CLANG_CXX_LANGUAGE_STANDARD = "gnu++0x";
				CLANG_CXX_LIBRARY = "libc++";
				CLANG_ENABLE_MODULES = YES;
				CLANG_ENABLE_OBJC_ARC = YES;
				CLANG_WARN_BOOL_CONVERSION = YES;
				CLANG_WARN_CONSTANT_CONVERSION = YES;
				CLANG_WARN_DIRECT_OBJC_ISA_USAGE = YES_ERROR;
				CLANG_WARN_EMPTY_BODY = YES;
				CLANG_WARN_ENUM_CONVERSION = YES;
				CLANG_WARN_INT_CONVERSION = YES;
				CLANG_WARN_OBJC_ROOT_CLASS = YES_ERROR;
				CLANG_WARN_UNREACHABLE_CODE = YES;
				CLANG_WARN__DUPLICATE_METHOD_MATCH = YES;
				"CODE_SIGN_IDENTITY[sdk=iphoneos*]" = "iPhone Developer";
				COPY_PHASE_STRIP = NO;
				DEBUG_INFORMATION_FORMAT = dwarf;
				ENABLE_STRICT_OBJC_MSGSEND = YES;
				ENABLE_TESTABILITY = YES;
				GCC_C_LANGUAGE_STANDARD = gnu99;
				GCC_DYNAMIC_NO_PIC = NO;
				GCC_NO_COMMON_BLOCKS = YES;
				GCC_OPTIMIZATION_LEVEL = 0;
				GCC_PREPROCESSOR_DEFINITIONS = (
					"DEBUG=1",
					"$(inherited)",
				);
				GCC_WARN_64_TO_32_BIT_CONVERSION = YES;
				GCC_WARN_ABOUT_RETURN_TYPE = YES_ERROR;
				GCC_WARN_UNDECLARED_SELECTOR = YES;
				GCC_WARN_UNINITIALIZED_AUTOS = YES_AGGRESSIVE;
				GCC_WARN_UNUSED_FUNCTION = YES;
				GCC_WARN_UNUSED_VARIABLE = YES;
				IPHONEOS_DEPLOYMENT_TARGET = 9.2;
				MTL_ENABLE_DEBUG_INFO = YES;
				ONLY_ACTIVE_ARCH = YES;
				SDKROOT = iphoneos;
				SWIFT_OPTIMIZATION_LEVEL = "-Onone";
				TARGETED_DEVICE_FAMILY = "1,2";
			};
			name = Debug;
		};
		63F1535F1C832C87009E9767 /* Release */ = {
			isa = XCBuildConfiguration;
			buildSettings = {
				ALWAYS_SEARCH_USER_PATHS = NO;
				CLANG_CXX_LANGUAGE_STANDARD = "gnu++0x";
				CLANG_CXX_LIBRARY = "libc++";
				CLANG_ENABLE_MODULES = YES;
				CLANG_ENABLE_OBJC_ARC = YES;
				CLANG_WARN_BOOL_CONVERSION = YES;
				CLANG_WARN_CONSTANT_CONVERSION = YES;
				CLANG_WARN_DIRECT_OBJC_ISA_USAGE = YES_ERROR;
				CLANG_WARN_EMPTY_BODY = YES;
				CLANG_WARN_ENUM_CONVERSION = YES;
				CLANG_WARN_INT_CONVERSION = YES;
				CLANG_WARN_OBJC_ROOT_CLASS = YES_ERROR;
				CLANG_WARN_UNREACHABLE_CODE = YES;
				CLANG_WARN__DUPLICATE_METHOD_MATCH = YES;
				"CODE_SIGN_IDENTITY[sdk=iphoneos*]" = "iPhone Developer";
				COPY_PHASE_STRIP = NO;
				DEBUG_INFORMATION_FORMAT = "dwarf-with-dsym";
				ENABLE_NS_ASSERTIONS = NO;
				ENABLE_STRICT_OBJC_MSGSEND = YES;
				GCC_C_LANGUAGE_STANDARD = gnu99;
				GCC_NO_COMMON_BLOCKS = YES;
				GCC_WARN_64_TO_32_BIT_CONVERSION = YES;
				GCC_WARN_ABOUT_RETURN_TYPE = YES_ERROR;
				GCC_WARN_UNDECLARED_SELECTOR = YES;
				GCC_WARN_UNINITIALIZED_AUTOS = YES_AGGRESSIVE;
				GCC_WARN_UNUSED_FUNCTION = YES;
				GCC_WARN_UNUSED_VARIABLE = YES;
				IPHONEOS_DEPLOYMENT_TARGET = 9.2;
				MTL_ENABLE_DEBUG_INFO = NO;
				SDKROOT = iphoneos;
				TARGETED_DEVICE_FAMILY = "1,2";
				VALIDATE_PRODUCT = YES;
			};
			name = Release;
		};
		63F153611C832C87009E9767 /* Debug */ = {
			isa = XCBuildConfiguration;
			baseConfigurationReference = A2672389D669A60A1F9F1085 /* Pods.debug.xcconfig */;
			buildSettings = {
				ASSETCATALOG_COMPILER_APPICON_NAME = AppIcon;
				FRAMEWORK_SEARCH_PATHS = (
					"$(inherited)",
					"$(PROJECT_DIR)",
				);
				INFOPLIST_FILE = quickChat/Info.plist;
				LD_RUNPATH_SEARCH_PATHS = "$(inherited) @executable_path/Frameworks";
				LIBRARY_SEARCH_PATHS = (
					"$(PROJECT_DIR)/lib/**",
					"$(inherited)",
					"$(PROJECT_DIR)/lib/backendless",
					"$(PROJECT_DIR)/lib/CommLibiOS",
					"$(PROJECT_DIR)/lib/libav-11.4/lib",
					"$(PROJECT_DIR)/lib/MediaLibiOS3x",
					"$(PROJECT_DIR)/lib/speex-1.2rc2/lib",
					"$(PROJECT_DIR)/lib/x264/lib",
				);
				PRODUCT_BUNDLE_IDENTIFIER = "com.motionfilminc.Chat-Fast";
				PRODUCT_NAME = "$(TARGET_NAME)";
				SWIFT_OBJC_BRIDGING_HEADER = "${PODS_ROOT}/Headers/Public/Backendless/Backendless-Bridging-Header.h";
				SWIFT_OPTIMIZATION_LEVEL = "-Owholemodule";
			};
			name = Debug;
		};
		63F153621C832C87009E9767 /* Release */ = {
			isa = XCBuildConfiguration;
			baseConfigurationReference = 2D488216C7865045A520F109 /* Pods.release.xcconfig */;
			buildSettings = {
				ASSETCATALOG_COMPILER_APPICON_NAME = AppIcon;
				FRAMEWORK_SEARCH_PATHS = (
					"$(inherited)",
					"$(PROJECT_DIR)",
				);
				INFOPLIST_FILE = quickChat/Info.plist;
				LD_RUNPATH_SEARCH_PATHS = "$(inherited) @executable_path/Frameworks";
				LIBRARY_SEARCH_PATHS = (
					"$(PROJECT_DIR)/lib/**",
					"$(inherited)",
					"$(PROJECT_DIR)/lib/backendless",
					"$(PROJECT_DIR)/lib/CommLibiOS",
					"$(PROJECT_DIR)/lib/libav-11.4/lib",
					"$(PROJECT_DIR)/lib/MediaLibiOS3x",
					"$(PROJECT_DIR)/lib/speex-1.2rc2/lib",
					"$(PROJECT_DIR)/lib/x264/lib",
				);
				PRODUCT_BUNDLE_IDENTIFIER = "com.motionfilminc.Chat-Fast";
				PRODUCT_NAME = "$(TARGET_NAME)";
				SWIFT_OBJC_BRIDGING_HEADER = "${PODS_ROOT}/Headers/Public/Backendless/Backendless-Bridging-Header.h";
				SWIFT_OPTIMIZATION_LEVEL = "-Owholemodule";
			};
			name = Release;
		};
		63F153641C832C87009E9767 /* Debug */ = {
			isa = XCBuildConfiguration;
			buildSettings = {
				BUNDLE_LOADER = "$(TEST_HOST)";
				INFOPLIST_FILE = quickChatTests/Info.plist;
				LD_RUNPATH_SEARCH_PATHS = "$(inherited) @executable_path/Frameworks @loader_path/Frameworks";
				PRODUCT_BUNDLE_IDENTIFIER = com.motionfilminc.quickChatTests;
				PRODUCT_NAME = "$(TARGET_NAME)";
				TEST_HOST = "$(BUILT_PRODUCTS_DIR)/quickChat.app/quickChat";
			};
			name = Debug;
		};
		63F153651C832C87009E9767 /* Release */ = {
			isa = XCBuildConfiguration;
			buildSettings = {
				BUNDLE_LOADER = "$(TEST_HOST)";
				INFOPLIST_FILE = quickChatTests/Info.plist;
				LD_RUNPATH_SEARCH_PATHS = "$(inherited) @executable_path/Frameworks @loader_path/Frameworks";
				PRODUCT_BUNDLE_IDENTIFIER = com.motionfilminc.quickChatTests;
				PRODUCT_NAME = "$(TARGET_NAME)";
				TEST_HOST = "$(BUILT_PRODUCTS_DIR)/quickChat.app/quickChat";
			};
			name = Release;
		};
		63F153671C832C87009E9767 /* Debug */ = {
			isa = XCBuildConfiguration;
			buildSettings = {
				INFOPLIST_FILE = quickChatUITests/Info.plist;
				LD_RUNPATH_SEARCH_PATHS = "$(inherited) @executable_path/Frameworks @loader_path/Frameworks";
				PRODUCT_BUNDLE_IDENTIFIER = com.motionfilminc.quickChatUITests;
				PRODUCT_NAME = "$(TARGET_NAME)";
				TEST_TARGET_NAME = quickChat;
				USES_XCTRUNNER = YES;
			};
			name = Debug;
		};
		63F153681C832C87009E9767 /* Release */ = {
			isa = XCBuildConfiguration;
			buildSettings = {
				INFOPLIST_FILE = quickChatUITests/Info.plist;
				LD_RUNPATH_SEARCH_PATHS = "$(inherited) @executable_path/Frameworks @loader_path/Frameworks";
				PRODUCT_BUNDLE_IDENTIFIER = com.motionfilminc.quickChatUITests;
				PRODUCT_NAME = "$(TARGET_NAME)";
				TEST_TARGET_NAME = quickChat;
				USES_XCTRUNNER = YES;
			};
			name = Release;
		};
/* End XCBuildConfiguration section */

/* Begin XCConfigurationList section */
		63F153331C832C87009E9767 /* Build configuration list for PBXProject "quickChat" */ = {
			isa = XCConfigurationList;
			buildConfigurations = (
				63F1535E1C832C87009E9767 /* Debug */,
				63F1535F1C832C87009E9767 /* Release */,
			);
			defaultConfigurationIsVisible = 0;
			defaultConfigurationName = Release;
		};
		63F153601C832C87009E9767 /* Build configuration list for PBXNativeTarget "quickChat" */ = {
			isa = XCConfigurationList;
			buildConfigurations = (
				63F153611C832C87009E9767 /* Debug */,
				63F153621C832C87009E9767 /* Release */,
			);
			defaultConfigurationIsVisible = 0;
			defaultConfigurationName = Release;
		};
		63F153631C832C87009E9767 /* Build configuration list for PBXNativeTarget "quickChatTests" */ = {
			isa = XCConfigurationList;
			buildConfigurations = (
				63F153641C832C87009E9767 /* Debug */,
				63F153651C832C87009E9767 /* Release */,
			);
			defaultConfigurationIsVisible = 0;
			defaultConfigurationName = Release;
		};
		63F153661C832C87009E9767 /* Build configuration list for PBXNativeTarget "quickChatUITests" */ = {
			isa = XCConfigurationList;
			buildConfigurations = (
				63F153671C832C87009E9767 /* Debug */,
				63F153681C832C87009E9767 /* Release */,
			);
			defaultConfigurationIsVisible = 0;
			defaultConfigurationName = Release;
		};
/* End XCConfigurationList section */
	};
	rootObject = 63F153301C832C87009E9767 /* Project object */;
}
